
Microsoft Visual Studio Solution File, Format Version 12.00
# Visual Studio 15
VisualStudioVersion = 15.0.27703.2035
MinimumVisualStudioVersion = 10.0.40219.1
Project("{FAE04EC0-301F-11D3-BF4B-00C04F79EFBC}") = "TemplateNetFramework", "TemplateNetFramework\TemplateNetFramework.csproj", "{AFED0E30-8D98-4408-AB86-86388103F15A}"
EndProject
Global
	GlobalSection(SolutionConfigurationPlatforms) = preSolution
		Debug|Any CPU = Debug|Any CPU
		Release|Any CPU = Release|Any CPU
	EndGlobalSection
	GlobalSection(ProjectConfigurationPlatforms) = postSolution
		{AFED0E30-8D98-4408-AB86-86388103F15A}.Debug|Any CPU.ActiveCfg = Debug|Any CPU
		{AFED0E30-8D98-4408-AB86-86388103F15A}.Debug|Any CPU.Build.0 = Debug|Any CPU
		{AFED0E30-8D98-4408-AB86-86388103F15A}.Release|Any CPU.ActiveCfg = Release|Any CPU
		{AFED0E30-8D98-4408-AB86-86388103F15A}.Release|Any CPU.Build.0 = Release|Any CPU
	EndGlobalSection
	GlobalSection(SolutionProperties) = preSolution
		HideSolutionNode = FALSE
	EndGlobalSection
	GlobalSection(ExtensibilityGlobals) = postSolution
		SolutionGuid = {1D820C8A-8BB2-4F14-87A7-6AB75BC948E3}
	EndGlobalSection
EndGlobal
